
Microsoft Visual Studio Solution File, Format Version 12.00
# Visual Studio Version 17
VisualStudioVersion = 17.4.33403.182
MinimumVisualStudioVersion = 10.0.40219.1
Project("{FAE04EC0-301F-11D3-BF4B-00C04F79EFBC}") = "ConsoleAppHello", "ConsoleAppHello.csproj", "{12B99102-BF96-4867-A3F4-A8D8EB235028}"
EndProject
Global
	GlobalSection(SolutionConfigurationPlatforms) = preSolution
		Debug|Any CPU = Debug|Any CPU
		Release|Any CPU = Release|Any CPU
	EndGlobalSection
	GlobalSection(ProjectConfigurationPlatforms) = postSolution
		{12B99102-BF96-4867-A3F4-A8D8EB235028}.Debug|Any CPU.ActiveCfg = Debug|Any CPU
		{12B99102-BF96-4867-A3F4-A8D8EB235028}.Debug|Any CPU.Build.0 = Debug|Any CPU
		{12B99102-BF96-4867-A3F4-A8D8EB235028}.Release|Any CPU.ActiveCfg = Release|Any CPU
		{12B99102-BF96-4867-A3F4-A8D8EB235028}.Release|Any CPU.Build.0 = Release|Any CPU
	EndGlobalSection
	GlobalSection(SolutionProperties) = preSolution
		HideSolutionNode = FALSE
	EndGlobalSection
	GlobalSection(ExtensibilityGlobals) = postSolution
		SolutionGuid = {5C693364-D737-4056-89C6-94A8DDB23209}
	EndGlobalSection
EndGlobal
